// !$*UTF8*$!
{
	archiveVersion = 1;
	classes = {
	};
	objectVersion = 110;
	objects = {

/* Begin PBXBuildFile section */
		5A66BC472FFB543F009A2428 /* GolfShopPro Watch App.app in Embed Watch Content */ = {isa = PBXBuildFile; fileRef = 5A66BC462FFB543F009A2428 /* GolfShopPro Watch App.app */; settings = {ATTRIBUTES = (RemoveHeadersOnCopy, ); }; };
		5A66BC7E2FFB581F009A2428 /* GolfCore in Frameworks */ = {isa = PBXBuildFile; productRef = 5A66BC7D2FFB581F009A2428 /* GolfCore */; };
		5A66BC852FFB59DA009A2428 /* Vision.md in Resources */ = {isa = PBXBuildFile; fileRef = 5A66BC832FFB59DA009A2428 /* Vision.md */; };
		5A66BC872FFB59F4009A2428 /* Architecture.md in Resources */ = {isa = PBXBuildFile; fileRef = 5A66BC862FFB59E2009A2428 /* Architecture.md */; };
		5A66BC892FFB5A01009A2428 /* Roadmap.md in Resources */ = {isa = PBXBuildFile; fileRef = 5A66BC882FFB59F9009A2428 /* Roadmap.md */; };
		5A66BC8B2FFB5A15009A2428 /* ChangeLog.md in Resources */ = {isa = PBXBuildFile; fileRef = 5A66BC8A2FFB5A09009A2428 /* ChangeLog.md */; };
		5A66BC8D2FFB5A27009A2428 /* CodingStandards.md in Resources */ = {isa = PBXBuildFile; fileRef = 5A66BC8C2FFB5A1E009A2428 /* CodingStandards.md */; };
		5A66BC8F2FFB5A3B009A2428 /* TestingStrategy.md in Resources */ = {isa = PBXBuildFile; fileRef = 5A66BC8E2FFB5A2E009A2428 /* TestingStrategy.md */; };
		5A66BC912FFB5A4F009A2428 /* MeetingNotes.md in Sources */ = {isa = PBXBuildFile; fileRef = 5A66BC902FFB5A47009A2428 /* MeetingNotes.md */; };
/* End PBXBuildFile section */

/* Begin PBXContainerItemProxy section */
		5A66BC332FFB543F009A2428 /* PBXContainerItemProxy */ = {
			isa = PBXContainerItemProxy;
			containerPortal = 5A66BC1D2FFB543E009A2428 /* Project object */;
			proxyType = 1;
			remoteGlobalIDString = 5A66BC242FFB543F009A2428;
			remoteInfo = GolfShopPro;
		};
		5A66BC3D2FFB543F009A2428 /* PBXContainerItemProxy */ = {
			isa = PBXContainerItemProxy;
			containerPortal = 5A66BC1D2FFB543E009A2428 /* Project object */;
			proxyType = 1;
			remoteGlobalIDString = 5A66BC242FFB543F009A2428;
			remoteInfo = GolfShopPro;
		};
		5A66BC482FFB543F009A2428 /* PBXContainerItemProxy */ = {
			isa = PBXContainerItemProxy;
			containerPortal = 5A66BC1D2FFB543E009A2428 /* Project object */;
			proxyType = 1;
			remoteGlobalIDString = 5A66BC452FFB543F009A2428;
			remoteInfo = "GolfShopPro Watch App";
		};
		5A66BC562FFB5440009A2428 /* PBXContainerItemProxy */ = {
			isa = PBXContainerItemProxy;
			containerPortal = 5A66BC1D2FFB543E009A2428 /* Project object */;
			proxyType = 1;
			remoteGlobalIDString = 5A66BC452FFB543F009A2428;
			remoteInfo = "GolfShopPro Watch App";
		};
		5A66BC602FFB5440009A2428 /* PBXContainerItemProxy */ = {
			isa = PBXContainerItemProxy;
			containerPortal = 5A66BC1D2FFB543E009A2428 /* Project object */;
			proxyType = 1;
			remoteGlobalIDString = 5A66BC452FFB543F009A2428;
			remoteInfo = "GolfShopPro Watch App";
		};
/* End PBXContainerItemProxy section */

/* Begin PBXCopyFilesBuildPhase section */
		5A66BC6A2FFB5440009A2428 /* Embed Watch Content */ = {
			isa = PBXCopyFilesBuildPhase;
			dstPath = "$(CONTENTS_FOLDER_PATH)/Watch";
			dstSubfolder = Product;
			files = (
				5A66BC472FFB543F009A2428 /* GolfShopPro Watch App.app in Embed Watch Content */,
			);
			name = "Embed Watch Content";
		};
/* End PBXCopyFilesBuildPhase section */

/* Begin PBXFileReference section */
		5A66BC252FFB543F009A2428 /* GolfShopPro.app */ = {isa = PBXFileReference; explicitFileType = wrapper.application; includeInIndex = 0; path = GolfShopPro.app; sourceTree = BUILT_PRODUCTS_DIR; };
		5A66BC322FFB543F009A2428 /* GolfShopProTests.xctest */ = {isa = PBXFileReference; explicitFileType = wrapper.cfbundle; includeInIndex = 0; path = GolfShopProTests.xctest; sourceTree = BUILT_PRODUCTS_DIR; };
		5A66BC3C2FFB543F009A2428 /* GolfShopProUITests.xctest */ = {isa = PBXFileReference; explicitFileType = wrapper.cfbundle; includeInIndex = 0; path = GolfShopProUITests.xctest; sourceTree = BUILT_PRODUCTS_DIR; };
		5A66BC462FFB543F009A2428 /* GolfShopPro Watch App.app */ = {isa = PBXFileReference; explicitFileType = wrapper.application; includeInIndex = 0; path = "GolfShopPro Watch App.app"; sourceTree = BUILT_PRODUCTS_DIR; };
		5A66BC552FFB5440009A2428 /* GolfShopPro Watch AppTests.xctest */ = {isa = PBXFileReference; explicitFileType = wrapper.cfbundle; includeInIndex = 0; path = "GolfShopPro Watch AppTests.xctest"; sourceTree = BUILT_PRODUCTS_DIR; };
		5A66BC5F2FFB5440009A2428 /* GolfShopPro Watch AppUITests.xctest */ = {isa = PBXFileReference; explicitFileType = wrapper.cfbundle; includeInIndex = 0; path = "GolfShopPro Watch AppUITests.xctest"; sourceTree = BUILT_PRODUCTS_DIR; };
		5A66BC832FFB59DA009A2428 /* Vision.md */ = {isa = PBXFileReference; lastKnownFileType = net.daringfireball.markdown; path = Vision.md; sourceTree = "<group>"; };
		5A66BC862FFB59E2009A2428 /* Architecture.md */ = {isa = PBXFileReference; lastKnownFileType = net.daringfireball.markdown; path = Architecture.md; sourceTree = "<group>"; };
		5A66BC882FFB59F9009A2428 /* Roadmap.md */ = {isa = PBXFileReference; lastKnownFileType = net.daringfireball.markdown; path = Roadmap.md; sourceTree = "<group>"; };
		5A66BC8A2FFB5A09009A2428 /* ChangeLog.md */ = {isa = PBXFileReference; lastKnownFileType = net.daringfireball.markdown; path = ChangeLog.md; sourceTree = "<group>"; };
		5A66BC8C2FFB5A1E009A2428 /* CodingStandards.md */ = {isa = PBXFileReference; lastKnownFileType = net.daringfireball.markdown; path = CodingStandards.md; sourceTree = "<group>"; };
		5A66BC8E2FFB5A2E009A2428 /* TestingStrategy.md */ = {isa = PBXFileReference; lastKnownFileType = net.daringfireball.markdown; path = TestingStrategy.md; sourceTree = "<group>"; };
		5A66BC902FFB5A47009A2428 /* MeetingNotes.md */ = {isa = PBXFileReference; lastKnownFileType = net.daringfireball.markdown; path = MeetingNotes.md; sourceTree = "<group>"; };
/* End PBXFileReference section */

/* Begin PBXFileSystemSynchronizedBuildFileExceptionSet section */
		5A66BC7B2FFB54F5009A2428 /* Exceptions for "GolfShopPro" folder in "GolfShopPro" target */ = {
			isa = PBXFileSystemSynchronizedBuildFileExceptionSet;
			membershipExceptions = (
				GolfCore,
			);
			target = 5A66BC242FFB543F009A2428 /* GolfShopPro */;
		};
/* End PBXFileSystemSynchronizedBuildFileExceptionSet section */

/* Begin PBXFileSystemSynchronizedRootGroup section */
		5A66BC272FFB543F009A2428 /* GolfShopPro */ = {
			isa = PBXFileSystemSynchronizedRootGroup;
			exceptions = (
				5A66BC7B2FFB54F5009A2428 /* Exceptions for "GolfShopPro" folder in "GolfShopPro" target */,
			);
			path = GolfShopPro;
			sourceTree = "<group>";
		};
		5A66BC352FFB543F009A2428 /* GolfShopProTests */ = {
			isa = PBXFileSystemSynchronizedRootGroup;
			path = GolfShopProTests;
			sourceTree = "<group>";
		};
		5A66BC3F2FFB543F009A2428 /* GolfShopProUITests */ = {
			isa = PBXFileSystemSynchronizedRootGroup;
			path = GolfShopProUITests;
			sourceTree = "<group>";
		};
		5A66BC4A2FFB543F009A2428 /* GolfShopPro Watch App */ = {
			isa = PBXFileSystemSynchronizedRootGroup;
			path = "GolfShopPro Watch App";
			sourceTree = "<group>";
		};
		5A66BC582FFB5440009A2428 /* GolfShopPro Watch AppTests */ = {
			isa = PBXFileSystemSynchronizedRootGroup;
			path = "GolfShopPro Watch AppTests";
			sourceTree = "<group>";
		};
		5A66BC622FFB5440009A2428 /* GolfShopPro Watch AppUITests */ = {
			isa = PBXFileSystemSynchronizedRootGroup;
			path = "GolfShopPro Watch AppUITests";
			sourceTree = "<group>";
		};
/* End PBXFileSystemSynchronizedRootGroup section */

/* Begin PBXFrameworksBuildPhase section */
		5A66BC222FFB543F009A2428 /* Frameworks */ = {
			isa = PBXFrameworksBuildPhase;
			files = (
			);
		};
		5A66BC2F2FFB543F009A2428 /* Frameworks */ = {
			isa = PBXFrameworksBuildPhase;
			files = (
			);
		};
		5A66BC392FFB543F009A2428 /* Frameworks */ = {
			isa = PBXFrameworksBuildPhase;
			files = (
			);
		};
		5A66BC432FFB543F009A2428 /* Frameworks */ = {
			isa = PBXFrameworksBuildPhase;
			files = (
				5A66BC7E2FFB581F009A2428 /* GolfCore in Frameworks */,
			);
		};
		5A66BC522FFB5440009A2428 /* Frameworks */ = {
			isa = PBXFrameworksBuildPhase;
			files = (
			);
		};
		5A66BC5C2FFB5440009A2428 /* Frameworks */ = {
			isa = PBXFrameworksBuildPhase;
			files = (
			);
		};
/* End PBXFrameworksBuildPhase section */

/* Begin PBXGroup section */
		5A66BC1C2FFB543E009A2428 = {
			isa = PBXGroup;
			children = (
				5A66BC842FFB59DA009A2428 /* Documentation */,
				5A66BC272FFB543F009A2428 /* GolfShopPro */,
				5A66BC352FFB543F009A2428 /* GolfShopProTests */,
				5A66BC3F2FFB543F009A2428 /* GolfShopProUITests */,
				5A66BC4A2FFB543F009A2428 /* GolfShopPro Watch App */,
				5A66BC582FFB5440009A2428 /* GolfShopPro Watch AppTests */,
				5A66BC622FFB5440009A2428 /* GolfShopPro Watch AppUITests */,
				5A66BC7C2FFB581F009A2428 /* Frameworks */,
				5A66BC262FFB543F009A2428 /* Products */,
			);
			sourceTree = "<group>";
		};
		5A66BC262FFB543F009A2428 /* Products */ = {
			isa = PBXGroup;
			children = (
				5A66BC252FFB543F009A2428 /* GolfShopPro.app */,
				5A66BC322FFB543F009A2428 /* GolfShopProTests.xctest */,
				5A66BC3C2FFB543F009A2428 /* GolfShopProUITests.xctest */,
				5A66BC462FFB543F009A2428 /* GolfShopPro Watch App.app */,
				5A66BC552FFB5440009A2428 /* GolfShopPro Watch AppTests.xctest */,
				5A66BC5F2FFB5440009A2428 /* GolfShopPro Watch AppUITests.xctest */,
			);
			name = Products;
			sourceTree = "<group>";
		};
		5A66BC7C2FFB581F009A2428 /* Frameworks */ = {
			isa = PBXGroup;
			children = (
			);
			name = Frameworks;
			sourceTree = "<group>";
		};
		5A66BC842FFB59DA009A2428 /* Documentation */ = {
			isa = PBXGroup;
			children = (
				5A66BC902FFB5A47009A2428 /* MeetingNotes.md */,
				5A66BC8E2FFB5A2E009A2428 /* TestingStrategy.md */,
				5A66BC8C2FFB5A1E009A2428 /* CodingStandards.md */,
				5A66BC8A2FFB5A09009A2428 /* ChangeLog.md */,
				5A66BC882FFB59F9009A2428 /* Roadmap.md */,
				5A66BC862FFB59E2009A2428 /* Architecture.md */,
				5A66BC832FFB59DA009A2428 /* Vision.md */,
			);
			path = Documentation;
			sourceTree = "<group>";
		};
/* End PBXGroup section */

/* Begin PBXNativeTarget section */
		5A66BC242FFB543F009A2428 /* GolfShopPro */ = {
			isa = PBXNativeTarget;
			buildConfigurationList = 5A66BC6B2FFB5440009A2428 /* Build configuration list for PBXNativeTarget "GolfShopPro" */;
			buildPhases = (
				5A66BC212FFB543F009A2428 /* Sources */,
				5A66BC222FFB543F009A2428 /* Frameworks */,
				5A66BC232FFB543F009A2428 /* Resources */,
				5A66BC6A2FFB5440009A2428 /* Embed Watch Content */,
			);
			buildRules = (
			);
			dependencies = (
				5A66BC492FFB543F009A2428 /* PBXTargetDependency */,
			);
			fileSystemSynchronizedGroups = (
				5A66BC272FFB543F009A2428 /* GolfShopPro */,
			);
			name = GolfShopPro;
			productName = GolfShopPro;
			productReference = 5A66BC252FFB543F009A2428 /* GolfShopPro.app */;
			productType = "com.apple.product-type.application";
		};
		5A66BC312FFB543F009A2428 /* GolfShopProTests */ = {
			isa = PBXNativeTarget;
			buildConfigurationList = 5A66BC6E2FFB5440009A2428 /* Build configuration list for PBXNativeTarget "GolfShopProTests" */;
			buildPhases = (
				5A66BC2E2FFB543F009A2428 /* Sources */,
				5A66BC2F2FFB543F009A2428 /* Frameworks */,
				5A66BC302FFB543F009A2428 /* Resources */,
			);
			buildRules = (
			);
			dependencies = (
				5A66BC342FFB543F009A2428 /* PBXTargetDependency */,
			);
			fileSystemSynchronizedGroups = (
				5A66BC352FFB543F009A2428 /* GolfShopProTests */,
			);
			name = GolfShopProTests;
			productName = GolfShopProTests;
			productReference = 5A66BC322FFB543F009A2428 /* GolfShopProTests.xctest */;
			productType = "com.apple.product-type.bundle.unit-test";
		};
		5A66BC3B2FFB543F009A2428 /* GolfShopProUITests */ = {
			isa = PBXNativeTarget;
			buildConfigurationList = 5A66BC712FFB5440009A2428 /* Build configuration list for PBXNativeTarget "GolfShopProUITests" */;
			buildPhases = (
				5A66BC382FFB543F009A2428 /* Sources */,
				5A66BC392FFB543F009A2428 /* Frameworks */,
				5A66BC3A2FFB543F009A2428 /* Resources */,
			);
			buildRules = (
			);
			dependencies = (
				5A66BC3E2FFB543F009A2428 /* PBXTargetDependency */,
			);
			fileSystemSynchronizedGroups = (
				5A66BC3F2FFB543F009A2428 /* GolfShopProUITests */,
			);
			name = GolfShopProUITests;
			productName = GolfShopProUITests;
			productReference = 5A66BC3C2FFB543F009A2428 /* GolfShopProUITests.xctest */;
			productType = "com.apple.product-type.bundle.ui-testing";
		};
		5A66BC452FFB543F009A2428 /* GolfShopPro Watch App */ = {
			isa = PBXNativeTarget;
			buildConfigurationList = 5A66BC672FFB5440009A2428 /* Build configuration list for PBXNativeTarget "GolfShopPro Watch App" */;
			buildPhases = (
				5A66BC422FFB543F009A2428 /* Sources */,
				5A66BC432FFB543F009A2428 /* Frameworks */,
				5A66BC442FFB543F009A2428 /* Resources */,
			);
			buildRules = (
			);
			fileSystemSynchronizedGroups = (
				5A66BC4A2FFB543F009A2428 /* GolfShopPro Watch App */,
			);
			name = "GolfShopPro Watch App";
			packageProductDependencies = (
				5A66BC7D2FFB581F009A2428 /* GolfCore */,
			);
			productName = "GolfShopPro Watch App";
			productReference = 5A66BC462FFB543F009A2428 /* GolfShopPro Watch App.app */;
			productType = "com.apple.product-type.application";
		};
		5A66BC542FFB5440009A2428 /* GolfShopPro Watch AppTests */ = {
			isa = PBXNativeTarget;
			buildConfigurationList = 5A66BC742FFB5440009A2428 /* Build configuration list for PBXNativeTarget "GolfShopPro Watch AppTests" */;
			buildPhases = (
				5A66BC512FFB5440009A2428 /* Sources */,
				5A66BC522FFB5440009A2428 /* Frameworks */,
				5A66BC532FFB5440009A2428 /* Resources */,
			);
			buildRules = (
			);
			dependencies = (
				5A66BC572FFB5440009A2428 /* PBXTargetDependency */,
			);
			fileSystemSynchronizedGroups = (
				5A66BC582FFB5440009A2428 /* GolfShopPro Watch AppTests */,
			);
			name = "GolfShopPro Watch AppTests";
			productName = "GolfShopPro Watch AppTests";
			productReference = 5A66BC552FFB5440009A2428 /* GolfShopPro Watch AppTests.xctest */;
			productType = "com.apple.product-type.bundle.unit-test";
		};
		5A66BC5E2FFB5440009A2428 /* GolfShopPro Watch AppUITests */ = {
			isa = PBXNativeTarget;
			buildConfigurationList = 5A66BC772FFB5440009A2428 /* Build configuration list for PBXNativeTarget "GolfShopPro Watch AppUITests" */;
			buildPhases = (
				5A66BC5B2FFB5440009A2428 /* Sources */,
				5A66BC5C2FFB5440009A2428 /* Frameworks */,
				5A66BC5D2FFB5440009A2428 /* Resources */,
			);
			buildRules = (
			);
			dependencies = (
				5A66BC612FFB5440009A2428 /* PBXTargetDependency */,
			);
			fileSystemSynchronizedGroups = (
				5A66BC622FFB5440009A2428 /* GolfShopPro Watch AppUITests */,
			);
			name = "GolfShopPro Watch AppUITests";
			productName = "GolfShopPro Watch AppUITests";
			productReference = 5A66BC5F2FFB5440009A2428 /* GolfShopPro Watch AppUITests.xctest */;
			productType = "com.apple.product-type.bundle.ui-testing";
		};
/* End PBXNativeTarget section */

/* Begin PBXProject section */
		5A66BC1D2FFB543E009A2428 /* Project object */ = {
			isa = PBXProject;
			attributes = {
				BuildIndependentTargetsInParallel = 1;
				LastSwiftUpdateCheck = 2700;
				LastUpgradeCheck = 2700;
				TargetAttributes = {
					5A66BC242FFB543F009A2428 = {
						CreatedOnToolsVersion = 27.0;
					};
					5A66BC312FFB543F009A2428 = {
						CreatedOnToolsVersion = 27.0;
						TestTargetID = 5A66BC242FFB543F009A2428;
					};
					5A66BC3B2FFB543F009A2428 = {
						CreatedOnToolsVersion = 27.0;
						TestTargetID = 5A66BC242FFB543F009A2428;
					};
					5A66BC452FFB543F009A2428 = {
						CreatedOnToolsVersion = 27.0;
					};
					5A66BC542FFB5440009A2428 = {
						CreatedOnToolsVersion = 27.0;
						TestTargetID = 5A66BC452FFB543F009A2428;
					};
					5A66BC5E2FFB5440009A2428 = {
						CreatedOnToolsVersion = 27.0;
						TestTargetID = 5A66BC452FFB543F009A2428;
					};
				};
			};
			buildConfigurationList = 5A66BC202FFB543E009A2428 /* Build configuration list for PBXProject "GolfShopPro" */;
			developmentRegion = en;
			hasScannedForEncodings = 0;
			knownRegions = (
				en,
				Base,
			);
			mainGroup = 5A66BC1C2FFB543E009A2428;
			minimizedProjectReferenceProxies = 1;
			preferredProjectObjectVersion = 77;
			productRefGroup = 5A66BC262FFB543F009A2428 /* Products */;
			projectDirPath = "";
			projectRoot = "";
			targets = (
				5A66BC242FFB543F009A2428 /* GolfShopPro */,
				5A66BC312FFB543F009A2428 /* GolfShopProTests */,
				5A66BC3B2FFB543F009A2428 /* GolfShopProUITests */,
				5A66BC452FFB543F009A2428 /* GolfShopPro Watch App */,
				5A66BC542FFB5440009A2428 /* GolfShopPro Watch AppTests */,
				5A66BC5E2FFB5440009A2428 /* GolfShopPro Watch AppUITests */,
			);
		};
/* End PBXProject section */

/* Begin PBXResourcesBuildPhase section */
		5A66BC232FFB543F009A2428 /* Resources */ = {
			isa = PBXResourcesBuildPhase;
			files = (
				5A66BC872FFB59F4009A2428 /* Architecture.md in Resources */,
				5A66BC8D2FFB5A27009A2428 /* CodingStandards.md in Resources */,
				5A66BC892FFB5A01009A2428 /* Roadmap.md in Resources */,
				5A66BC852FFB59DA009A2428 /* Vision.md in Resources */,
				5A66BC8B2FFB5A15009A2428 /* ChangeLog.md in Resources */,
				5A66BC8F2FFB5A3B009A2428 /* TestingStrategy.md in Resources */,
			);
		};
		5A66BC302FFB543F009A2428 /* Resources */ = {
			isa = PBXResourcesBuildPhase;
			files = (
			);
		};
		5A66BC3A2FFB543F009A2428 /* Resources */ = {
			isa = PBXResourcesBuildPhase;
			files = (
			);
		};
		5A66BC442FFB543F009A2428 /* Resources */ = {
			isa = PBXResourcesBuildPhase;
			files = (
			);
		};
		5A66BC532FFB5440009A2428 /* Resources */ = {
			isa = PBXResourcesBuildPhase;
			files = (
			);
		};
		5A66BC5D2FFB5440009A2428 /* Resources */ = {
			isa = PBXResourcesBuildPhase;
			files = (
			);
		};
/* End PBXResourcesBuildPhase section */

/* Begin PBXSourcesBuildPhase section */
		5A66BC212FFB543F009A2428 /* Sources */ = {
			isa = PBXSourcesBuildPhase;
			files = (
				5A66BC912FFB5A4F009A2428 /* MeetingNotes.md in Sources */,
			);
		};
		5A66BC2E2FFB543F009A2428 /* Sources */ = {
			isa = PBXSourcesBuildPhase;
			files = (
			);
		};
		5A66BC382FFB543F009A2428 /* Sources */ = {
			isa = PBXSourcesBuildPhase;
			files = (
			);
		};
		5A66BC422FFB543F009A2428 /* Sources */ = {
			isa = PBXSourcesBuildPhase;
			files = (
			);
		};
		5A66BC512FFB5440009A2428 /* Sources */ = {
			isa = PBXSourcesBuildPhase;
			files = (
			);
		};
		5A66BC5B2FFB5440009A2428 /* Sources */ = {
			isa = PBXSourcesBuildPhase;
			files = (
			);
		};
/* End PBXSourcesBuildPhase section */

/* Begin PBXTargetDependency section */
		5A66BC342FFB543F009A2428 /* PBXTargetDependency */ = {
			isa = PBXTargetDependency;
			target = 5A66BC242FFB543F009A2428 /* GolfShopPro */;
			targetProxy = 5A66BC332FFB543F009A2428 /* PBXContainerItemProxy */;
		};
		5A66BC3E2FFB543F009A2428 /* PBXTargetDependency */ = {
			isa = PBXTargetDependency;
			target = 5A66BC242FFB543F009A2428 /* GolfShopPro */;
			targetProxy = 5A66BC3D2FFB543F009A2428 /* PBXContainerItemProxy */;
		};
		5A66BC492FFB543F009A2428 /* PBXTargetDependency */ = {
			isa = PBXTargetDependency;
			target = 5A66BC452FFB543F009A2428 /* GolfShopPro Watch App */;
			targetProxy = 5A66BC482FFB543F009A2428 /* PBXContainerItemProxy */;
		};
		5A66BC572FFB5440009A2428 /* PBXTargetDependency */ = {
			isa = PBXTargetDependency;
			target = 5A66BC452FFB543F009A2428 /* GolfShopPro Watch App */;
			targetProxy = 5A66BC562FFB5440009A2428 /* PBXContainerItemProxy */;
		};
		5A66BC612FFB5440009A2428 /* PBXTargetDependency */ = {
			isa = PBXTargetDependency;
			target = 5A66BC452FFB543F009A2428 /* GolfShopPro Watch App */;
			targetProxy = 5A66BC602FFB5440009A2428 /* PBXContainerItemProxy */;
		};
/* End PBXTargetDependency section */

/* Begin XCBuildConfiguration section */
		5A66BC652FFB5440009A2428 /* Debug configuration for PBXProject "GolfShopPro" */ = {
			isa = XCBuildConfiguration;
			buildSettings = {
				ALWAYS_SEARCH_USER_PATHS = NO;
				ASSETCATALOG_COMPILER_GENERATE_SWIFT_ASSET_SYMBOL_EXTENSIONS = YES;
				CLANG_ANALYZER_NONNULL = YES;
				CLANG_ANALYZER_NUMBER_OBJECT_CONVERSION = YES_AGGRESSIVE;
				CLANG_CXX_LANGUAGE_STANDARD = "gnu++20";
				CLANG_ENABLE_MODULES = YES;
				CLANG_ENABLE_OBJC_ARC = YES;
				CLANG_ENABLE_OBJC_WEAK = YES;
				CLANG_WARN_BLOCK_CAPTURE_AUTORELEASING = YES;
				CLANG_WARN_BOOL_CONVERSION = YES;
				CLANG_WARN_COMMA = YES;
				CLANG_WARN_CONSTANT_CONVERSION = YES;
				CLANG_WARN_DEPRECATED_OBJC_IMPLEMENTATIONS = YES;
				CLANG_WARN_DIRECT_OBJC_ISA_USAGE = YES_ERROR;
				CLANG_WARN_DOCUMENTATION_COMMENTS = YES;
				CLANG_WARN_EMPTY_BODY = YES;
				CLANG_WARN_ENUM_CONVERSION = YES;
				CLANG_WARN_INFINITE_RECURSION = YES;
				CLANG_WARN_INT_CONVERSION = YES;
				CLANG_WARN_NON_LITERAL_NULL_CONVERSION = YES;
				CLANG_WARN_OBJC_IMPLICIT_RETAIN_SELF = YES;
				CLANG_WARN_OBJC_LITERAL_CONVERSION = YES;
				CLANG_WARN_OBJC_ROOT_CLASS = YES_ERROR;
				CLANG_WARN_QUOTED_INCLUDE_IN_FRAMEWORK_HEADER = YES;
				CLANG_WARN_RANGE_LOOP_ANALYSIS = YES;
				CLANG_WARN_STRICT_PROTOTYPES = YES;
				CLANG_WARN_SUSPICIOUS_MOVE = YES;
				CLANG_WARN_UNGUARDED_AVAILABILITY = YES_AGGRESSIVE;
				CLANG_WARN_UNREACHABLE_CODE = YES;
				CLANG_WARN__DUPLICATE_METHOD_MATCH = YES;
				COPY_PHASE_STRIP = NO;
				DEBUG_INFORMATION_FORMAT = dwarf;
				DEVELOPMENT_TEAM = 6DK454KWA5;
				ENABLE_STRICT_OBJC_MSGSEND = YES;
				ENABLE_TESTABILITY = YES;
				ENABLE_USER_SCRIPT_SANDBOXING = YES;
				GCC_C_LANGUAGE_STANDARD = gnu17;
				GCC_DYNAMIC_NO_PIC = NO;
				GCC_NO_COMMON_BLOCKS = YES;
				GCC_OPTIMIZATION_LEVEL = 0;
				GCC_PREPROCESSOR_DEFINITIONS = (
					"DEBUG=1",
					"$(inherited)",
				);
				GCC_WARN_64_TO_32_BIT_CONVERSION = YES;
				GCC_WARN_ABOUT_RETURN_TYPE = YES_ERROR;
				GCC_WARN_UNDECLARED_SELECTOR = YES;
				GCC_WARN_UNINITIALIZED_AUTOS = YES_AGGRESSIVE;
				GCC_WARN_UNUSED_FUNCTION = YES;
				GCC_WARN_UNUSED_VARIABLE = YES;
				LOCALIZATION_PREFERS_STRING_CATALOGS = YES;
				MTL_ENABLE_DEBUG_INFO = INCLUDE_SOURCE;
				MTL_FAST_MATH = YES;
				ONLY_ACTIVE_ARCH = YES;
				SWIFT_ACTIVE_COMPILATION_CONDITIONS = "DEBUG $(inherited)";
				SWIFT_OPTIMIZATION_LEVEL = "-Onone";
			};
			name = Debug;
		};
		5A66BC662FFB5440009A2428 /* Release configuration for PBXProject "GolfShopPro" */ = {
			isa = XCBuildConfiguration;
			buildSettings = {
				ALWAYS_SEARCH_USER_PATHS = NO;
				ASSETCATALOG_COMPILER_GENERATE_SWIFT_ASSET_SYMBOL_EXTENSIONS = YES;
				CLANG_ANALYZER_NONNULL = YES;
				CLANG_ANALYZER_NUMBER_OBJECT_CONVERSION = YES_AGGRESSIVE;
				CLANG_CXX_LANGUAGE_STANDARD = "gnu++20";
				CLANG_ENABLE_MODULES = YES;
				CLANG_ENABLE_OBJC_ARC = YES;
				CLANG_ENABLE_OBJC_WEAK = YES;
				CLANG_WARN_BLOCK_CAPTURE_AUTORELEASING = YES;
				CLANG_WARN_BOOL_CONVERSION = YES;
				CLANG_WARN_COMMA = YES;
				CLANG_WARN_CONSTANT_CONVERSION = YES;
				CLANG_WARN_DEPRECATED_OBJC_IMPLEMENTATIONS = YES;
				CLANG_WARN_DIRECT_OBJC_ISA_USAGE = YES_ERROR;
				CLANG_WARN_DOCUMENTATION_COMMENTS = YES;
				CLANG_WARN_EMPTY_BODY = YES;
				CLANG_WARN_ENUM_CONVERSION = YES;
				CLANG_WARN_INFINITE_RECURSION = YES;
				CLANG_WARN_INT_CONVERSION = YES;
				CLANG_WARN_NON_LITERAL_NULL_CONVERSION = YES;
				CLANG_WARN_OBJC_IMPLICIT_RETAIN_SELF = YES;
				CLANG_WARN_OBJC_LITERAL_CONVERSION = YES;
				CLANG_WARN_OBJC_ROOT_CLASS = YES_ERROR;
				CLANG_WARN_QUOTED_INCLUDE_IN_FRAMEWORK_HEADER = YES;
				CLANG_WARN_RANGE_LOOP_ANALYSIS = YES;
				CLANG_WARN_STRICT_PROTOTYPES = YES;
				CLANG_WARN_SUSPICIOUS_MOVE = YES;
				CLANG_WARN_UNGUARDED_AVAILABILITY = YES_AGGRESSIVE;
				CLANG_WARN_UNREACHABLE_CODE = YES;
				CLANG_WARN__DUPLICATE_METHOD_MATCH = YES;
				COPY_PHASE_STRIP = NO;
				DEBUG_INFORMATION_FORMAT = "dwarf-with-dsym";
				DEVELOPMENT_TEAM = 6DK454KWA5;
				ENABLE_NS_ASSERTIONS = NO;
				ENABLE_STRICT_OBJC_MSGSEND = YES;
				ENABLE_USER_SCRIPT_SANDBOXING = YES;
				GCC_C_LANGUAGE_STANDARD = gnu17;
				GCC_NO_COMMON_BLOCKS = YES;
				GCC_WARN_64_TO_32_BIT_CONVERSION = YES;
				GCC_WARN_ABOUT_RETURN_TYPE = YES_ERROR;
				GCC_WARN_UNDECLARED_SELECTOR = YES;
				GCC_WARN_UNINITIALIZED_AUTOS = YES_AGGRESSIVE;
				GCC_WARN_UNUSED_FUNCTION = YES;
				GCC_WARN_UNUSED_VARIABLE = YES;
				LOCALIZATION_PREFERS_STRING_CATALOGS = YES;
				MTL_ENABLE_DEBUG_INFO = NO;
				MTL_FAST_MATH = YES;
				SWIFT_COMPILATION_MODE = wholemodule;
			};
			name = Release;
		};
		5A66BC682FFB5440009A2428 /* Debug configuration for PBXNativeTarget "GolfShopPro Watch App" */ = {
			isa = XCBuildConfiguration;
			buildSettings = {
				ASSETCATALOG_COMPILER_APPICON_NAME = AppIcon;
				ASSETCATALOG_COMPILER_GLOBAL_ACCENT_COLOR_NAME = AccentColor;
				CODE_SIGN_STYLE = Automatic;
				CURRENT_PROJECT_VERSION = 1;
				DEVELOPMENT_TEAM = 6DK454KWA5;
				ENABLE_PREVIEWS = YES;
				GENERATE_INFOPLIST_FILE = YES;
				INFOPLIST_KEY_CFBundleDisplayName = GolfShopPro;
				INFOPLIST_KEY_UISupportedInterfaceOrientations = "UIInterfaceOrientationPortrait UIInterfaceOrientationPortraitUpsideDown";
				INFOPLIST_KEY_WKCompanionAppBundleIdentifier = Dragon.GolfShopPro;
				INFOPLIST_KEY_WKRunsIndependentlyOfCompanionApp = YES;
				LD_RUNPATH_SEARCH_PATHS = (
					"$(inherited)",
					"@executable_path/Frameworks",
				);
				MARKETING_VERSION = 1.0;
				PRODUCT_BUNDLE_IDENTIFIER = Dragon.GolfShopPro.watchkitapp;
				PRODUCT_NAME = "$(TARGET_NAME)";
				SDKROOT = watchos;
				SKIP_INSTALL = YES;
				STRING_CATALOG_GENERATE_SYMBOLS = YES;
				SWIFT_APPROACHABLE_CONCURRENCY = YES;
				SWIFT_DEFAULT_ACTOR_ISOLATION = MainActor;
				SWIFT_EMIT_LOC_STRINGS = YES;
				SWIFT_UPCOMING_FEATURE_MEMBER_IMPORT_VISIBILITY = YES;
				SWIFT_VERSION = 5.0;
				TARGETED_DEVICE_FAMILY = 4;
				WATCHOS_DEPLOYMENT_TARGET = 27.0;
			};
			name = Debug;
		};
		5A66BC692FFB5440009A2428 /* Release configuration for PBXNativeTarget "GolfShopPro Watch App" */ = {
			isa = XCBuildConfiguration;
			buildSettings = {
				ASSETCATALOG_COMPILER_APPICON_NAME = AppIcon;
				ASSETCATALOG_COMPILER_GLOBAL_ACCENT_COLOR_NAME = AccentColor;
				CODE_SIGN_STYLE = Automatic;
				CURRENT_PROJECT_VERSION = 1;
				DEVELOPMENT_TEAM = 6DK454KWA5;
				ENABLE_PREVIEWS = YES;
				GENERATE_INFOPLIST_FILE = YES;
				INFOPLIST_KEY_CFBundleDisplayName = GolfShopPro;
				INFOPLIST_KEY_UISupportedInterfaceOrientations = "UIInterfaceOrientationPortrait UIInterfaceOrientationPortraitUpsideDown";
				INFOPLIST_KEY_WKCompanionAppBundleIdentifier = Dragon.GolfShopPro;
				INFOPLIST_KEY_WKRunsIndependentlyOfCompanionApp = YES;
				LD_RUNPATH_SEARCH_PATHS = (
					"$(inherited)",
					"@executable_path/Frameworks",
				);
				MARKETING_VERSION = 1.0;
				PRODUCT_BUNDLE_IDENTIFIER = Dragon.GolfShopPro.watchkitapp;
				PRODUCT_NAME = "$(TARGET_NAME)";
				SDKROOT = watchos;
				SKIP_INSTALL = YES;
				STRING_CATALOG_GENERATE_SYMBOLS = YES;
				SWIFT_APPROACHABLE_CONCURRENCY = YES;
				SWIFT_DEFAULT_ACTOR_ISOLATION = MainActor;
				SWIFT_EMIT_LOC_STRINGS = YES;
				SWIFT_UPCOMING_FEATURE_MEMBER_IMPORT_VISIBILITY = YES;
				SWIFT_VERSION = 5.0;
				TARGETED_DEVICE_FAMILY = 4;
				VALIDATE_PRODUCT = YES;
				WATCHOS_DEPLOYMENT_TARGET = 27.0;
			};
			name = Release;
		};
		5A66BC6C2FFB5440009A2428 /* Debug configuration for PBXNativeTarget "GolfShopPro" */ = {
			isa = XCBuildConfiguration;
			buildSettings = {
				ASSETCATALOG_COMPILER_APPICON_NAME = AppIcon;
				ASSETCATALOG_COMPILER_GLOBAL_ACCENT_COLOR_NAME = AccentColor;
				CODE_SIGN_STYLE = Automatic;
				CURRENT_PROJECT_VERSION = 1;
				DEVELOPMENT_TEAM = 6DK454KWA5;
				ENABLE_PREVIEWS = YES;
				GENERATE_INFOPLIST_FILE = YES;
				INFOPLIST_KEY_CFBundleDisplayName = GolfShopPro;
				INFOPLIST_KEY_LSApplicationCategoryType = "public.app-category.sports";
				INFOPLIST_KEY_UIApplicationSceneManifest_Generation = YES;
				INFOPLIST_KEY_UIApplicationSupportsIndirectInputEvents = YES;
				INFOPLIST_KEY_UILaunchScreen_Generation = YES;
				INFOPLIST_KEY_UISupportedInterfaceOrientations_iPad = "UIInterfaceOrientationPortrait UIInterfaceOrientationPortraitUpsideDown UIInterfaceOrientationLandscapeLeft UIInterfaceOrientationLandscapeRight";
				INFOPLIST_KEY_UISupportedInterfaceOrientations_iPhone = "UIInterfaceOrientationPortrait UIInterfaceOrientationLandscapeLeft UIInterfaceOrientationLandscapeRight";
				IPHONEOS_DEPLOYMENT_TARGET = 27.0;
				LD_RUNPATH_SEARCH_PATHS = (
					"$(inherited)",
					"@executable_path/Frameworks",
				);
				MARKETING_VERSION = 1.0;
				PRODUCT_BUNDLE_IDENTIFIER = Dragon.GolfShopPro;
				PRODUCT_NAME = "$(TARGET_NAME)";
				SDKROOT = iphoneos;
				STRING_CATALOG_GENERATE_SYMBOLS = YES;
				SWIFT_APPROACHABLE_CONCURRENCY = YES;
				SWIFT_DEFAULT_ACTOR_ISOLATION = MainActor;
				SWIFT_EMIT_LOC_STRINGS = YES;
				SWIFT_UPCOMING_FEATURE_MEMBER_IMPORT_VISIBILITY = YES;
				SWIFT_VERSION = 5.0;
				TARGETED_DEVICE_FAMILY = "1,2";
			};
			name = Debug;
		};
		5A66BC6D2FFB5440009A2428 /* Release configuration for PBXNativeTarget "GolfShopPro" */ = {
			isa = XCBuildConfiguration;
			buildSettings = {
				ASSETCATALOG_COMPILER_APPICON_NAME = AppIcon;
				ASSETCATALOG_COMPILER_GLOBAL_ACCENT_COLOR_NAME = AccentColor;
				CODE_SIGN_STYLE = Automatic;
				CURRENT_PROJECT_VERSION = 1;
				DEVELOPMENT_TEAM = 6DK454KWA5;
				ENABLE_PREVIEWS = YES;
				GENERATE_INFOPLIST_FILE = YES;
				INFOPLIST_KEY_CFBundleDisplayName = GolfShopPro;
				INFOPLIST_KEY_LSApplicationCategoryType = "public.app-category.sports";
				INFOPLIST_KEY_UIApplicationSceneManifest_Generation = YES;
				INFOPLIST_KEY_UIApplicationSupportsIndirectInputEvents = YES;
				INFOPLIST_KEY_UILaunchScreen_Generation = YES;
				INFOPLIST_KEY_UISupportedInterfaceOrientations_iPad = "UIInterfaceOrientationPortrait UIInterfaceOrientationPortraitUpsideDown UIInterfaceOrientationLandscapeLeft UIInterfaceOrientationLandscapeRight";
				INFOPLIST_KEY_UISupportedInterfaceOrientations_iPhone = "UIInterfaceOrientationPortrait UIInterfaceOrientationLandscapeLeft UIInterfaceOrientationLandscapeRight";
				IPHONEOS_DEPLOYMENT_TARGET = 27.0;
				LD_RUNPATH_SEARCH_PATHS = (
					"$(inherited)",
					"@executable_path/Frameworks",
				);
				MARKETING_VERSION = 1.0;
				PRODUCT_BUNDLE_IDENTIFIER = Dragon.GolfShopPro;
				PRODUCT_NAME = "$(TARGET_NAME)";
				SDKROOT = iphoneos;
				STRING_CATALOG_GENERATE_SYMBOLS = YES;
				SWIFT_APPROACHABLE_CONCURRENCY = YES;
				SWIFT_DEFAULT_ACTOR_ISOLATION = MainActor;
				SWIFT_EMIT_LOC_STRINGS = YES;
				SWIFT_UPCOMING_FEATURE_MEMBER_IMPORT_VISIBILITY = YES;
				SWIFT_VERSION = 5.0;
				TARGETED_DEVICE_FAMILY = "1,2";
				VALIDATE_PRODUCT = YES;
			};
			name = Release;
		};
		5A66BC6F2FFB5440009A2428 /* Debug configuration for PBXNativeTarget "GolfShopProTests" */ = {
			isa = XCBuildConfiguration;
			buildSettings = {
				BUNDLE_LOADER = "$(TEST_HOST)";
				CODE_SIGN_STYLE = Automatic;
				CURRENT_PROJECT_VERSION = 1;
				DEVELOPMENT_TEAM = 6DK454KWA5;
				GENERATE_INFOPLIST_FILE = YES;
				IPHONEOS_DEPLOYMENT_TARGET = 27.0;
				MARKETING_VERSION = 1.0;
				PRODUCT_BUNDLE_IDENTIFIER = Dragon.GolfShopProTests;
				PRODUCT_NAME = "$(TARGET_NAME)";
				SDKROOT = iphoneos;
				STRING_CATALOG_GENERATE_SYMBOLS = NO;
				SWIFT_APPROACHABLE_CONCURRENCY = YES;
				SWIFT_EMIT_LOC_STRINGS = NO;
				SWIFT_UPCOMING_FEATURE_MEMBER_IMPORT_VISIBILITY = YES;
				SWIFT_VERSION = 5.0;
				TARGETED_DEVICE_FAMILY = "1,2";
				TEST_HOST = "$(BUILT_PRODUCTS_DIR)/GolfShopPro.app/$(BUNDLE_EXECUTABLE_FOLDER_PATH)/GolfShopPro";
			};
			name = Debug;
		};
		5A66BC702FFB5440009A2428 /* Release configuration for PBXNativeTarget "GolfShopProTests" */ = {
			isa = XCBuildConfiguration;
			buildSettings = {
				BUNDLE_LOADER = "$(TEST_HOST)";
				CODE_SIGN_STYLE = Automatic;
				CURRENT_PROJECT_VERSION = 1;
				DEVELOPMENT_TEAM = 6DK454KWA5;
				GENERATE_INFOPLIST_FILE = YES;
				IPHONEOS_DEPLOYMENT_TARGET = 27.0;
				MARKETING_VERSION = 1.0;
				PRODUCT_BUNDLE_IDENTIFIER = Dragon.GolfShopProTests;
				PRODUCT_NAME = "$(TARGET_NAME)";
				SDKROOT = iphoneos;
				STRING_CATALOG_GENERATE_SYMBOLS = NO;
				SWIFT_APPROACHABLE_CONCURRENCY = YES;
				SWIFT_EMIT_LOC_STRINGS = NO;
				SWIFT_UPCOMING_FEATURE_MEMBER_IMPORT_VISIBILITY = YES;
				SWIFT_VERSION = 5.0;
				TARGETED_DEVICE_FAMILY = "1,2";
				TEST_HOST = "$(BUILT_PRODUCTS_DIR)/GolfShopPro.app/$(BUNDLE_EXECUTABLE_FOLDER_PATH)/GolfShopPro";
				VALIDATE_PRODUCT = YES;
			};
			name = Release;
		};
		5A66BC722FFB5440009A2428 /* Debug configuration for PBXNativeTarget "GolfShopProUITests" */ = {
			isa = XCBuildConfiguration;
			buildSettings = {
				CODE_SIGN_STYLE = Automatic;
				CURRENT_PROJECT_VERSION = 1;
				DEVELOPMENT_TEAM = 6DK454KWA5;
				GENERATE_INFOPLIST_FILE = YES;
				IPHONEOS_DEPLOYMENT_TARGET = 27.0;
				MARKETING_VERSION = 1.0;
				PRODUCT_BUNDLE_IDENTIFIER = Dragon.GolfShopProUITests;
				PRODUCT_NAME = "$(TARGET_NAME)";
				SDKROOT = iphoneos;
				STRING_CATALOG_GENERATE_SYMBOLS = NO;
				SWIFT_APPROACHABLE_CONCURRENCY = YES;
				SWIFT_EMIT_LOC_STRINGS = NO;
				SWIFT_UPCOMING_FEATURE_MEMBER_IMPORT_VISIBILITY = YES;
				SWIFT_VERSION = 5.0;
				TARGETED_DEVICE_FAMILY = "1,2";
				TEST_TARGET_NAME = GolfShopPro;
			};
			name = Debug;
		};
		5A66BC732FFB5440009A2428 /* Release configuration for PBXNativeTarget "GolfShopProUITests" */ = {
			isa = XCBuildConfiguration;
			buildSettings = {
				CODE_SIGN_STYLE = Automatic;
				CURRENT_PROJECT_VERSION = 1;
				DEVELOPMENT_TEAM = 6DK454KWA5;
				GENERATE_INFOPLIST_FILE = YES;
				IPHONEOS_DEPLOYMENT_TARGET = 27.0;
				MARKETING_VERSION = 1.0;
				PRODUCT_BUNDLE_IDENTIFIER = Dragon.GolfShopProUITests;
				PRODUCT_NAME = "$(TARGET_NAME)";
				SDKROOT = iphoneos;
				STRING_CATALOG_GENERATE_SYMBOLS = NO;
				SWIFT_APPROACHABLE_CONCURRENCY = YES;
				SWIFT_EMIT_LOC_STRINGS = NO;
				SWIFT_UPCOMING_FEATURE_MEMBER_IMPORT_VISIBILITY = YES;
				SWIFT_VERSION = 5.0;
				TARGETED_DEVICE_FAMILY = "1,2";
				TEST_TARGET_NAME = GolfShopPro;
				VALIDATE_PRODUCT = YES;
			};
			name = Release;
		};
		5A66BC752FFB5440009A2428 /* Debug configuration for PBXNativeTarget "GolfShopPro Watch AppTests" */ = {
			isa = XCBuildConfiguration;
			buildSettings = {
				BUNDLE_LOADER = "$(TEST_HOST)";
				CODE_SIGN_STYLE = Automatic;
				CURRENT_PROJECT_VERSION = 1;
				DEVELOPMENT_TEAM = 6DK454KWA5;
				GENERATE_INFOPLIST_FILE = YES;
				MARKETING_VERSION = 1.0;
				PRODUCT_BUNDLE_IDENTIFIER = "Dragon.GolfShopPro-Watch-AppTests";
				PRODUCT_NAME = "$(TARGET_NAME)";
				SDKROOT = watchos;
				STRING_CATALOG_GENERATE_SYMBOLS = NO;
				SWIFT_APPROACHABLE_CONCURRENCY = YES;
				SWIFT_EMIT_LOC_STRINGS = NO;
				SWIFT_UPCOMING_FEATURE_MEMBER_IMPORT_VISIBILITY = YES;
				SWIFT_VERSION = 5.0;
				TARGETED_DEVICE_FAMILY = 4;
				TEST_HOST = "$(BUILT_PRODUCTS_DIR)/GolfShopPro Watch App.app/$(BUNDLE_EXECUTABLE_FOLDER_PATH)/GolfShopPro Watch App";
				WATCHOS_DEPLOYMENT_TARGET = 27.0;
			};
			name = Debug;
		};
		5A66BC762FFB5440009A2428 /* Release configuration for PBXNativeTarget "GolfShopPro Watch AppTests" */ = {
			isa = XCBuildConfiguration;
			buildSettings = {
				BUNDLE_LOADER = "$(TEST_HOST)";
				CODE_SIGN_STYLE = Automatic;
				CURRENT_PROJECT_VERSION = 1;
				DEVELOPMENT_TEAM = 6DK454KWA5;
				GENERATE_INFOPLIST_FILE = YES;
				MARKETING_VERSION = 1.0;
				PRODUCT_BUNDLE_IDENTIFIER = "Dragon.GolfShopPro-Watch-AppTests";
				PRODUCT_NAME = "$(TARGET_NAME)";
				SDKROOT = watchos;
				STRING_CATALOG_GENERATE_SYMBOLS = NO;
				SWIFT_APPROACHABLE_CONCURRENCY = YES;
				SWIFT_EMIT_LOC_STRINGS = NO;
				SWIFT_UPCOMING_FEATURE_MEMBER_IMPORT_VISIBILITY = YES;
				SWIFT_VERSION = 5.0;
				TARGETED_DEVICE_FAMILY = 4;
				TEST_HOST = "$(BUILT_PRODUCTS_DIR)/GolfShopPro Watch App.app/$(BUNDLE_EXECUTABLE_FOLDER_PATH)/GolfShopPro Watch App";
				VALIDATE_PRODUCT = YES;
				WATCHOS_DEPLOYMENT_TARGET = 27.0;
			};
			name = Release;
		};
		5A66BC782FFB5440009A2428 /* Debug configuration for PBXNativeTarget "GolfShopPro Watch AppUITests" */ = {
			isa = XCBuildConfiguration;
			buildSettings = {
				CODE_SIGN_STYLE = Automatic;
				CURRENT_PROJECT_VERSION = 1;
				DEVELOPMENT_TEAM = 6DK454KWA5;
				GENERATE_INFOPLIST_FILE = YES;
				MARKETING_VERSION = 1.0;
				PRODUCT_BUNDLE_IDENTIFIER = "Dragon.GolfShopPro-Watch-AppUITests";
				PRODUCT_NAME = "$(TARGET_NAME)";
				SDKROOT = watchos;
				STRING_CATALOG_GENERATE_SYMBOLS = NO;
				SWIFT_APPROACHABLE_CONCURRENCY = YES;
				SWIFT_EMIT_LOC_STRINGS = NO;
				SWIFT_UPCOMING_FEATURE_MEMBER_IMPORT_VISIBILITY = YES;
				SWIFT_VERSION = 5.0;
				TARGETED_DEVICE_FAMILY = 4;
				TEST_TARGET_NAME = "GolfShopPro Watch App";
				WATCHOS_DEPLOYMENT_TARGET = 27.0;
			};
			name = Debug;
		};
		5A66BC792FFB5440009A2428 /* Release configuration for PBXNativeTarget "GolfShopPro Watch AppUITests" */ = {
			isa = XCBuildConfiguration;
			buildSettings = {
				CODE_SIGN_STYLE = Automatic;
				CURRENT_PROJECT_VERSION = 1;
				DEVELOPMENT_TEAM = 6DK454KWA5;
				GENERATE_INFOPLIST_FILE = YES;
				MARKETING_VERSION = 1.0;
				PRODUCT_BUNDLE_IDENTIFIER = "Dragon.GolfShopPro-Watch-AppUITests";
				PRODUCT_NAME = "$(TARGET_NAME)";
				SDKROOT = watchos;
				STRING_CATALOG_GENERATE_SYMBOLS = NO;
				SWIFT_APPROACHABLE_CONCURRENCY = YES;
				SWIFT_EMIT_LOC_STRINGS = NO;
				SWIFT_UPCOMING_FEATURE_MEMBER_IMPORT_VISIBILITY = YES;
				SWIFT_VERSION = 5.0;
				TARGETED_DEVICE_FAMILY = 4;
				TEST_TARGET_NAME = "GolfShopPro Watch App";
				VALIDATE_PRODUCT = YES;
				WATCHOS_DEPLOYMENT_TARGET = 27.0;
			};
			name = Release;
		};
/* End XCBuildConfiguration section */

/* Begin XCConfigurationList section */
		5A66BC202FFB543E009A2428 /* Build configuration list for PBXProject "GolfShopPro" */ = {
			isa = XCConfigurationList;
			buildConfigurations = (
				5A66BC652FFB5440009A2428 /* Debug configuration for PBXProject "GolfShopPro" */,
				5A66BC662FFB5440009A2428 /* Release configuration for PBXProject "GolfShopPro" */,
			);
			defaultConfigurationName = Release;
		};
		5A66BC672FFB5440009A2428 /* Build configuration list for PBXNativeTarget "GolfShopPro Watch App" */ = {
			isa = XCConfigurationList;
			buildConfigurations = (
				5A66BC682FFB5440009A2428 /* Debug configuration for PBXNativeTarget "GolfShopPro Watch App" */,
				5A66BC692FFB5440009A2428 /* Release configuration for PBXNativeTarget "GolfShopPro Watch App" */,
			);
			defaultConfigurationName = Release;
		};
		5A66BC6B2FFB5440009A2428 /* Build configuration list for PBXNativeTarget "GolfShopPro" */ = {
			isa = XCConfigurationList;
			buildConfigurations = (
				5A66BC6C2FFB5440009A2428 /* Debug configuration for PBXNativeTarget "GolfShopPro" */,
				5A66BC6D2FFB5440009A2428 /* Release configuration for PBXNativeTarget "GolfShopPro" */,
			);
			defaultConfigurationName = Release;
		};
		5A66BC6E2FFB5440009A2428 /* Build configuration list for PBXNativeTarget "GolfShopProTests" */ = {
			isa = XCConfigurationList;
			buildConfigurations = (
				5A66BC6F2FFB5440009A2428 /* Debug configuration for PBXNativeTarget "GolfShopProTests" */,
				5A66BC702FFB5440009A2428 /* Release configuration for PBXNativeTarget "GolfShopProTests" */,
			);
			defaultConfigurationName = Release;
		};
		5A66BC712FFB5440009A2428 /* Build configuration list for PBXNativeTarget "GolfShopProUITests" */ = {
			isa = XCConfigurationList;
			buildConfigurations = (
				5A66BC722FFB5440009A2428 /* Debug configuration for PBXNativeTarget "GolfShopProUITests" */,
				5A66BC732FFB5440009A2428 /* Release configuration for PBXNativeTarget "GolfShopProUITests" */,
			);
			defaultConfigurationName = Release;
		};
		5A66BC742FFB5440009A2428 /* Build configuration list for PBXNativeTarget "GolfShopPro Watch AppTests" */ = {
			isa = XCConfigurationList;
			buildConfigurations = (
				5A66BC752FFB5440009A2428 /* Debug configuration for PBXNativeTarget "GolfShopPro Watch AppTests" */,
				5A66BC762FFB5440009A2428 /* Release configuration for PBXNativeTarget "GolfShopPro Watch AppTests" */,
			);
			defaultConfigurationName = Release;
		};
		5A66BC772FFB5440009A2428 /* Build configuration list for PBXNativeTarget "GolfShopPro Watch AppUITests" */ = {
			isa = XCConfigurationList;
			buildConfigurations = (
				5A66BC782FFB5440009A2428 /* Debug configuration for PBXNativeTarget "GolfShopPro Watch AppUITests" */,
				5A66BC792FFB5440009A2428 /* Release configuration for PBXNativeTarget "GolfShopPro Watch AppUITests" */,
			);
			defaultConfigurationName = Release;
		};
/* End XCConfigurationList section */

/* Begin XCSwiftPackageProductDependency section */
		5A66BC7D2FFB581F009A2428 /* GolfCore */ = {
			isa = XCSwiftPackageProductDependency;
			productName = GolfCore;
		};
/* End XCSwiftPackageProductDependency section */
	};
	rootObject = 5A66BC1D2FFB543E009A2428 /* Project object */;
	validationLevel = 1;
}
